
Microsoft Visual Studio Solution File, Format Version 12.00
# Visual Studio Version 17
VisualStudioVersion = 17.13.35931.197 d17.13
MinimumVisualStudioVersion = 10.0.40219.1
Project("{FAE04EC0-301F-11D3-BF4B-00C04F79EFBC}") = "CotacaoDolar", "CotacaoDolar\CotacaoDolar.csproj", "{2EB1DAC3-49DA-4D4B-B6FA-2CEE90A9CBB8}"
EndProject
Global
	GlobalSection(SolutionConfigurationPlatforms) = preSolution
		Debug|Any CPU = Debug|Any CPU
		Release|Any CPU = Release|Any CPU
	EndGlobalSection
	GlobalSection(ProjectConfigurationPlatforms) = postSolution
		{2EB1DAC3-49DA-4D4B-B6FA-2CEE90A9CBB8}.Debug|Any CPU.ActiveCfg = Debug|Any CPU
		{2EB1DAC3-49DA-4D4B-B6FA-2CEE90A9CBB8}.Debug|Any CPU.Build.0 = Debug|Any CPU
		{2EB1DAC3-49DA-4D4B-B6FA-2CEE90A9CBB8}.Release|Any CPU.ActiveCfg = Release|Any CPU
		{2EB1DAC3-49DA-4D4B-B6FA-2CEE90A9CBB8}.Release|Any CPU.Build.0 = Release|Any CPU
	EndGlobalSection
	GlobalSection(SolutionProperties) = preSolution
		HideSolutionNode = FALSE
	EndGlobalSection
	GlobalSection(ExtensibilityGlobals) = postSolution
		SolutionGuid = {17B18B67-049B-4881-82F8-1721FF3F6CF0}
	EndGlobalSection
EndGlobal
