
Microsoft Visual Studio Solution File, Format Version 12.00
# Visual Studio Version 17
VisualStudioVersion = 17.13.35931.197 d17.13
MinimumVisualStudioVersion = 10.0.40219.1
Project("{FAE04EC0-301F-11D3-BF4B-00C04F79EFBC}") = "LeituraDadosPessoas", "LeituraDadosPessoas\LeituraDadosPessoas.csproj", "{08B72FDD-CC9E-4CC5-9181-04D96F5F429E}"
EndProject
Global
	GlobalSection(SolutionConfigurationPlatforms) = preSolution
		Debug|Any CPU = Debug|Any CPU
		Release|Any CPU = Release|Any CPU
	EndGlobalSection
	GlobalSection(ProjectConfigurationPlatforms) = postSolution
		{08B72FDD-CC9E-4CC5-9181-04D96F5F429E}.Debug|Any CPU.ActiveCfg = Debug|Any CPU
		{08B72FDD-CC9E-4CC5-9181-04D96F5F429E}.Debug|Any CPU.Build.0 = Debug|Any CPU
		{08B72FDD-CC9E-4CC5-9181-04D96F5F429E}.Release|Any CPU.ActiveCfg = Release|Any CPU
		{08B72FDD-CC9E-4CC5-9181-04D96F5F429E}.Release|Any CPU.Build.0 = Release|Any CPU
	EndGlobalSection
	GlobalSection(SolutionProperties) = preSolution
		HideSolutionNode = FALSE
	EndGlobalSection
	GlobalSection(ExtensibilityGlobals) = postSolution
		SolutionGuid = {2DFF9640-1EA5-431D-8F6B-ED8F35D7E792}
	EndGlobalSection
EndGlobal
